
Microsoft Visual Studio Solution File, Format Version 12.00
# Visual Studio Version 17
VisualStudioVersion = 17.0.31903.59
MinimumVisualStudioVersion = 10.0.40219.1
Project("{FAE04EC0-301F-11D3-BF4B-00C04F79EFBC}") = "MediaServer.Core", "MediaServer.Core\MediaServer.Core.csproj", "{FAC8D19C-86FE-40D5-9396-B6FBA3EFAE28}"
EndProject
Project("{FAE04EC0-301F-11D3-BF4B-00C04F79EFBC}") = "MediaServer.Rest", "MediaServer.Rest\MediaServer.Rest.csproj", "{36AAAC98-3852-43B9-8428-873FCBFA0651}"
EndProject
Global
	GlobalSection(SolutionConfigurationPlatforms) = preSolution
		Debug|Any CPU = Debug|Any CPU
		Release|Any CPU = Release|Any CPU
	EndGlobalSection
	GlobalSection(SolutionProperties) = preSolution
		HideSolutionNode = FALSE
	EndGlobalSection
	GlobalSection(ProjectConfigurationPlatforms) = postSolution
		{FAC8D19C-86FE-40D5-9396-B6FBA3EFAE28}.Debug|Any CPU.ActiveCfg = Debug|Any CPU
		{FAC8D19C-86FE-40D5-9396-B6FBA3EFAE28}.Debug|Any CPU.Build.0 = Debug|Any CPU
		{FAC8D19C-86FE-40D5-9396-B6FBA3EFAE28}.Release|Any CPU.ActiveCfg = Release|Any CPU
		{FAC8D19C-86FE-40D5-9396-B6FBA3EFAE28}.Release|Any CPU.Build.0 = Release|Any CPU
		{36AAAC98-3852-43B9-8428-873FCBFA0651}.Debug|Any CPU.ActiveCfg = Debug|Any CPU
		{36AAAC98-3852-43B9-8428-873FCBFA0651}.Debug|Any CPU.Build.0 = Debug|Any CPU
		{36AAAC98-3852-43B9-8428-873FCBFA0651}.Release|Any CPU.ActiveCfg = Release|Any CPU
		{36AAAC98-3852-43B9-8428-873FCBFA0651}.Release|Any CPU.Build.0 = Release|Any CPU
	EndGlobalSection
EndGlobal
